<?xml version="1.0" encoding="utf-8"?>
<Project ToolsVersion="4.0" xmlns="http://schemas.microsoft.com/developer/msbuild/2003">
  <ItemGroup>
    <Filter Include="Source Files">
      <UniqueIdentifier>{edec4765-e0f3-4a5d-9321-54d64c333c4c}</UniqueIdentifier>
      <Extensions>cpp;c;cxx;rc;def;r;odl;idl;hpj;bat</Extensions>
    </Filter>
    <Filter Include="Header Files">
      <UniqueIdentifier>{fe3ba7c7-1eee-4b16-b894-af76eef97dec}</UniqueIdentifier>
      <Extensions>h;hpp;hxx;hm;inl</Extensions>
    </Filter>
  </ItemGroup>
  <ItemGroup>
    <ClCompile Include="..\src\fastdb\class.cpp">
      <Filter>Source Files</Filter>
    </ClCompile>
    <ClCompile Include="..\src\fastdb\compiler.cpp">
      <Filter>Source Files</Filter>
    </ClCompile>
    <ClCompile Include="..\src\fastdb\container.cpp">
      <Filter>Source Files</Filter>
    </ClCompile>
    <ClCompile Include="..\src\fastdb\cursor.cpp">
      <Filter>Source Files</Filter>
    </ClCompile>
    <ClCompile Include="..\src\fastdb\database.cpp">
      <Filter>Source Files</Filter>
    </ClCompile>
    <ClCompile Include="..\src\fastdb\fastdb.cpp">
      <Filter>Source Files</Filter>
    </ClCompile>
    <ClCompile Include="..\src\fastdb\file.cpp">
      <Filter>Source Files</Filter>
    </ClCompile>
    <ClCompile Include="..\src\fastdb\hashtab.cpp">
      <Filter>Source Files</Filter>
    </ClCompile>
    <ClCompile Include="..\src\fastdb\localcli.cpp">
      <Filter>Source Files</Filter>
    </ClCompile>
    <ClCompile Include="..\src\fastdb\query.cpp">
      <Filter>Source Files</Filter>
    </ClCompile>
    <ClCompile Include="..\src\fastdb\symtab.cpp">
      <Filter>Source Files</Filter>
    </ClCompile>
    <ClCompile Include="..\src\fastdb\sync.cpp">
      <Filter>Source Files</Filter>
    </ClCompile>
    <ClCompile Include="..\src\fastdb\ttree.cpp">
      <Filter>Source Files</Filter>
    </ClCompile>
    <ClCompile Include="..\src\fastdb\w32sock.cpp">
      <Filter>Source Files</Filter>
    </ClCompile>
    <ClCompile Include="..\src\fastdb\wwwapi.cpp">
      <Filter>Source Files</Filter>
    </ClCompile>
    <ClCompile Include="..\src\fastdb\xmlio.cpp">
      <Filter>Source Files</Filter>
    </ClCompile>
  </ItemGroup>
  <ItemGroup>
    <ClInclude Include="..\src\hd\fastdb\array.h">
      <Filter>Header Files</Filter>
    </ClInclude>
    <ClInclude Include="..\src\hd\fastdb\class.h">
      <Filter>Header Files</Filter>
    </ClInclude>
    <ClInclude Include="..\src\hd\fastdb\cli.h">
      <Filter>Header Files</Filter>
    </ClInclude>
    <ClInclude Include="..\src\hd\fastdb\cliproto.h">
      <Filter>Header Files</Filter>
    </ClInclude>
    <ClInclude Include="..\src\hd\fastdb\compiler.h">
      <Filter>Header Files</Filter>
    </ClInclude>
    <ClInclude Include="..\src\hd\fastdb\config.h">
      <Filter>Header Files</Filter>
    </ClInclude>
    <ClInclude Include="..\src\hd\fastdb\container.h">
      <Filter>Header Files</Filter>
    </ClInclude>
    <ClInclude Include="..\src\hd\fastdb\cursor.h">
      <Filter>Header Files</Filter>
    </ClInclude>
    <ClInclude Include="..\src\hd\fastdb\database.h">
      <Filter>Header Files</Filter>
    </ClInclude>
    <ClInclude Include="..\src\hd\fastdb\date.h">
      <Filter>Header Files</Filter>
    </ClInclude>
    <ClInclude Include="..\src\hd\fastdb\datetime.h">
      <Filter>Header Files</Filter>
    </ClInclude>
    <ClInclude Include="..\src\hd\fastdb\exception.h">
      <Filter>Header Files</Filter>
    </ClInclude>
    <ClInclude Include="..\src\hd\fastdb\fastdb.h">
      <Filter>Header Files</Filter>
    </ClInclude>
    <ClInclude Include="..\src\hd\fastdb\file.h">
      <Filter>Header Files</Filter>
    </ClInclude>
    <ClInclude Include="..\src\hd\fastdb\harray.h">
      <Filter>Header Files</Filter>
    </ClInclude>
    <ClInclude Include="..\src\hd\fastdb\hashtab.h">
      <Filter>Header Files</Filter>
    </ClInclude>
    <ClInclude Include="..\src\hd\fastdb\iqsort.h">
      <Filter>Header Files</Filter>
    </ClInclude>
    <ClInclude Include="..\src\hd\fastdb\localcli.h">
      <Filter>Header Files</Filter>
    </ClInclude>
    <ClInclude Include="..\src\hd\fastdb\query.h">
      <Filter>Header Files</Filter>
    </ClInclude>
    <ClInclude Include="..\src\hd\fastdb\reference.h">
      <Filter>Header Files</Filter>
    </ClInclude>
    <ClInclude Include="..\src\hd\fastdb\repsock.h">
      <Filter>Header Files</Filter>
    </ClInclude>
    <ClInclude Include="..\src\hd\fastdb\server.h">
      <Filter>Header Files</Filter>
    </ClInclude>
    <ClInclude Include="..\src\hd\fastdb\set.h">
      <Filter>Header Files</Filter>
    </ClInclude>
    <ClInclude Include="..\src\hd\fastdb\sockio.h">
      <Filter>Header Files</Filter>
    </ClInclude>
    <ClInclude Include="..\src\hd\fastdb\StdAfx.h">
      <Filter>Header Files</Filter>
    </ClInclude>
    <ClInclude Include="..\src\hd\fastdb\stdtp.h">
      <Filter>Header Files</Filter>
    </ClInclude>
    <ClInclude Include="..\src\hd\fastdb\subsql.h">
      <Filter>Header Files</Filter>
    </ClInclude>
    <ClInclude Include="..\src\hd\fastdb\symtab.h">
      <Filter>Header Files</Filter>
    </ClInclude>
    <ClInclude Include="..\src\hd\fastdb\sync.h">
      <Filter>Header Files</Filter>
    </ClInclude>
    <ClInclude Include="..\src\hd\fastdb\sync_w32.h">
      <Filter>Header Files</Filter>
    </ClInclude>
    <ClInclude Include="..\src\hd\fastdb\ttree.h">
      <Filter>Header Files</Filter>
    </ClInclude>
    <ClInclude Include="..\src\hd\fastdb\w32sock.h">
      <Filter>Header Files</Filter>
    </ClInclude>
    <ClInclude Include="..\src\hd\fastdb\wwwapi.h">
      <Filter>Header Files</Filter>
    </ClInclude>
    <ClInclude Include="..\src\hd\fastdb\xmlio.h">
      <Filter>Header Files</Filter>
    </ClInclude>
  </ItemGroup>
</Project>