<?xml version="1.0" encoding="utf-8"?>
<Project ToolsVersion="4.0" xmlns="http://schemas.microsoft.com/developer/msbuild/2003">
  <ItemGroup>
    <Filter Include="Source Files">
      <UniqueIdentifier>{de6dac4e-8f47-4a4f-8a77-c8134ff7d049}</UniqueIdentifier>
      <Extensions>cpp;c;cxx;def;odl;idl;hpj;bat;asm;asmx</Extensions>
    </Filter>
    <Filter Include="Header Files">
      <UniqueIdentifier>{22fdae2a-6d5d-4cea-a466-9343c85f753d}</UniqueIdentifier>
      <Extensions>h;hpp;hxx;hm;inl;inc;xsd</Extensions>
    </Filter>
  </ItemGroup>
  <ItemGroup>
    <ClCompile Include="..\src\cli.cpp">
      <Filter>Source Files</Filter>
    </ClCompile>
    <ClCompile Include="..\src\repsock.cpp">
      <Filter>Source Files</Filter>
    </ClCompile>
    <ClCompile Include="..\src\stdtp.cpp">
      <Filter>Source Files</Filter>
    </ClCompile>
    <ClCompile Include="..\src\w32sock.cpp">
      <Filter>Source Files</Filter>
    </ClCompile>
  </ItemGroup>
  <ItemGroup>
    <ClInclude Include="..\inc\array.h">
      <Filter>Header Files</Filter>
    </ClInclude>
    <ClInclude Include="..\inc\cli.h">
      <Filter>Header Files</Filter>
    </ClInclude>
    <ClInclude Include="..\inc\cliproto.h">
      <Filter>Header Files</Filter>
    </ClInclude>
    <ClInclude Include="..\inc\repsock.h">
      <Filter>Header Files</Filter>
    </ClInclude>
  </ItemGroup>
</Project>